
Microsoft Visual Studio Solution File, Format Version 12.00
# Visual Studio 15
VisualStudioVersion = 15.0.28010.2041
MinimumVisualStudioVersion = 10.0.40219.1
Project("{FAE04EC0-301F-11D3-BF4B-00C04F79EFBC}") = "oop-lab11", "oop-lab11\oop-lab11.csproj", "{87E6C6CF-40B6-400A-A52B-D6B574CECC73}"
EndProject
Project("{FAE04EC0-301F-11D3-BF4B-00C04F79EFBC}") = "ClassLibrary", "ClassLibrary\ClassLibrary.csproj", "{824EC26C-7B74-4A71-B730-3246A511E7B4}"
EndProject
Project("{FAE04EC0-301F-11D3-BF4B-00C04F79EFBC}") = "RegexDemo", "RegexDemo\RegexDemo.csproj", "{1F474A28-3022-4092-829A-89D5DE63D8AE}"
EndProject
Global
	GlobalSection(SolutionConfigurationPlatforms) = preSolution
		Debug|Any CPU = Debug|Any CPU
		Release|Any CPU = Release|Any CPU
	EndGlobalSection
	GlobalSection(ProjectConfigurationPlatforms) = postSolution
		{87E6C6CF-40B6-400A-A52B-D6B574CECC73}.Debug|Any CPU.ActiveCfg = Debug|Any CPU
		{87E6C6CF-40B6-400A-A52B-D6B574CECC73}.Debug|Any CPU.Build.0 = Debug|Any CPU
		{87E6C6CF-40B6-400A-A52B-D6B574CECC73}.Release|Any CPU.ActiveCfg = Release|Any CPU
		{87E6C6CF-40B6-400A-A52B-D6B574CECC73}.Release|Any CPU.Build.0 = Release|Any CPU
		{824EC26C-7B74-4A71-B730-3246A511E7B4}.Debug|Any CPU.ActiveCfg = Debug|Any CPU
		{824EC26C-7B74-4A71-B730-3246A511E7B4}.Debug|Any CPU.Build.0 = Debug|Any CPU
		{824EC26C-7B74-4A71-B730-3246A511E7B4}.Release|Any CPU.ActiveCfg = Release|Any CPU
		{824EC26C-7B74-4A71-B730-3246A511E7B4}.Release|Any CPU.Build.0 = Release|Any CPU
		{1F474A28-3022-4092-829A-89D5DE63D8AE}.Debug|Any CPU.ActiveCfg = Debug|Any CPU
		{1F474A28-3022-4092-829A-89D5DE63D8AE}.Debug|Any CPU.Build.0 = Debug|Any CPU
		{1F474A28-3022-4092-829A-89D5DE63D8AE}.Release|Any CPU.ActiveCfg = Release|Any CPU
		{1F474A28-3022-4092-829A-89D5DE63D8AE}.Release|Any CPU.Build.0 = Release|Any CPU
	EndGlobalSection
	GlobalSection(SolutionProperties) = preSolution
		HideSolutionNode = FALSE
	EndGlobalSection
	GlobalSection(ExtensibilityGlobals) = postSolution
		SolutionGuid = {31D3B183-6852-4C03-849F-35DF6938F62F}
	EndGlobalSection
EndGlobal
