
Microsoft Visual Studio Solution File, Format Version 12.00
# Visual Studio 15
VisualStudioVersion = 15.0.28010.2041
MinimumVisualStudioVersion = 10.0.40219.1
Project("{8BC9CEB8-8B4A-11D0-8D11-00A0C91BC942}") = "list", "list\list.vcxproj", "{19C2798B-C7EA-4A6E-A928-B5A25A2ECD34}"
EndProject
Project("{8BC9CEB8-8B4A-11D0-8D11-00A0C91BC942}") = "stack", "stack\stack.vcxproj", "{8C131D05-F17F-42F5-B404-FEA067147E97}"
EndProject
Global
	GlobalSection(SolutionConfigurationPlatforms) = preSolution
		Debug|x64 = Debug|x64
		Debug|x86 = Debug|x86
		Release|x64 = Release|x64
		Release|x86 = Release|x86
	EndGlobalSection
	GlobalSection(ProjectConfigurationPlatforms) = postSolution
		{19C2798B-C7EA-4A6E-A928-B5A25A2ECD34}.Debug|x64.ActiveCfg = Debug|x64
		{19C2798B-C7EA-4A6E-A928-B5A25A2ECD34}.Debug|x64.Build.0 = Debug|x64
		{19C2798B-C7EA-4A6E-A928-B5A25A2ECD34}.Debug|x86.ActiveCfg = Debug|Win32
		{19C2798B-C7EA-4A6E-A928-B5A25A2ECD34}.Debug|x86.Build.0 = Debug|Win32
		{19C2798B-C7EA-4A6E-A928-B5A25A2ECD34}.Release|x64.ActiveCfg = Release|x64
		{19C2798B-C7EA-4A6E-A928-B5A25A2ECD34}.Release|x64.Build.0 = Release|x64
		{19C2798B-C7EA-4A6E-A928-B5A25A2ECD34}.Release|x86.ActiveCfg = Release|Win32
		{19C2798B-C7EA-4A6E-A928-B5A25A2ECD34}.Release|x86.Build.0 = Release|Win32
		{8C131D05-F17F-42F5-B404-FEA067147E97}.Debug|x64.ActiveCfg = Debug|x64
		{8C131D05-F17F-42F5-B404-FEA067147E97}.Debug|x64.Build.0 = Debug|x64
		{8C131D05-F17F-42F5-B404-FEA067147E97}.Debug|x86.ActiveCfg = Debug|Win32
		{8C131D05-F17F-42F5-B404-FEA067147E97}.Debug|x86.Build.0 = Debug|Win32
		{8C131D05-F17F-42F5-B404-FEA067147E97}.Release|x64.ActiveCfg = Release|x64
		{8C131D05-F17F-42F5-B404-FEA067147E97}.Release|x64.Build.0 = Release|x64
		{8C131D05-F17F-42F5-B404-FEA067147E97}.Release|x86.ActiveCfg = Release|Win32
		{8C131D05-F17F-42F5-B404-FEA067147E97}.Release|x86.Build.0 = Release|Win32
	EndGlobalSection
	GlobalSection(SolutionProperties) = preSolution
		HideSolutionNode = FALSE
	EndGlobalSection
	GlobalSection(ExtensibilityGlobals) = postSolution
		SolutionGuid = {9188C2A0-54BC-4392-9626-C03C5830F5E6}
	EndGlobalSection
EndGlobal
