
Microsoft Visual Studio Solution File, Format Version 12.00
# Visual Studio 15
VisualStudioVersion = 15.0.28010.2041
MinimumVisualStudioVersion = 10.0.40219.1
Project("{FAE04EC0-301F-11D3-BF4B-00C04F79EFBC}") = "GraphicPlotter", "GraphicPlotter\GraphicPlotter.csproj", "{0FC52929-9DF6-40E1-B828-1488584F3C63}"
EndProject
Global
	GlobalSection(SolutionConfigurationPlatforms) = preSolution
		Debug|Any CPU = Debug|Any CPU
		Release|Any CPU = Release|Any CPU
	EndGlobalSection
	GlobalSection(ProjectConfigurationPlatforms) = postSolution
		{0FC52929-9DF6-40E1-B828-1488584F3C63}.Debug|Any CPU.ActiveCfg = Debug|Any CPU
		{0FC52929-9DF6-40E1-B828-1488584F3C63}.Debug|Any CPU.Build.0 = Debug|Any CPU
		{0FC52929-9DF6-40E1-B828-1488584F3C63}.Release|Any CPU.ActiveCfg = Release|Any CPU
		{0FC52929-9DF6-40E1-B828-1488584F3C63}.Release|Any CPU.Build.0 = Release|Any CPU
	EndGlobalSection
	GlobalSection(SolutionProperties) = preSolution
		HideSolutionNode = FALSE
	EndGlobalSection
	GlobalSection(ExtensibilityGlobals) = postSolution
		SolutionGuid = {AD4334E8-2D8F-4C47-84AF-CCE9D878AA7E}
	EndGlobalSection
EndGlobal
