
Microsoft Visual Studio Solution File, Format Version 12.00
# Visual Studio 15
VisualStudioVersion = 15.0.28010.2041
MinimumVisualStudioVersion = 10.0.40219.1
Project("{FAE04EC0-301F-11D3-BF4B-00C04F79EFBC}") = "Exs2", "Exs2\Exs2.csproj", "{88C0DFE6-29B0-4443-AD43-9306DF0BA5C1}"
EndProject
Global
	GlobalSection(SolutionConfigurationPlatforms) = preSolution
		Debug|Any CPU = Debug|Any CPU
		Release|Any CPU = Release|Any CPU
	EndGlobalSection
	GlobalSection(ProjectConfigurationPlatforms) = postSolution
		{88C0DFE6-29B0-4443-AD43-9306DF0BA5C1}.Debug|Any CPU.ActiveCfg = Debug|Any CPU
		{88C0DFE6-29B0-4443-AD43-9306DF0BA5C1}.Debug|Any CPU.Build.0 = Debug|Any CPU
		{88C0DFE6-29B0-4443-AD43-9306DF0BA5C1}.Release|Any CPU.ActiveCfg = Release|Any CPU
		{88C0DFE6-29B0-4443-AD43-9306DF0BA5C1}.Release|Any CPU.Build.0 = Release|Any CPU
	EndGlobalSection
	GlobalSection(SolutionProperties) = preSolution
		HideSolutionNode = FALSE
	EndGlobalSection
	GlobalSection(ExtensibilityGlobals) = postSolution
		SolutionGuid = {E3B53EC8-A06E-4526-84F7-7814B3CB100E}
	EndGlobalSection
EndGlobal
