
Microsoft Visual Studio Solution File, Format Version 12.00
# Visual Studio 15
VisualStudioVersion = 15.0.27130.2036
MinimumVisualStudioVersion = 10.0.40219.1
Project("{FAE04EC0-301F-11D3-BF4B-00C04F79EFBC}") = "SimpleClassConlsole", "SimpleClassConlsole\SimpleClassConlsole.csproj", "{B45F7BFA-A4DE-4806-A3F6-BA1824E4D7C7}"
EndProject
Project("{FAE04EC0-301F-11D3-BF4B-00C04F79EFBC}") = "SimpleClassLibrary", "SimpleClassLibrary\SimpleClassLibrary.csproj", "{A63DAE4E-0689-4559-B4AA-5E1E09D6DE82}"
EndProject
Global
	GlobalSection(SolutionConfigurationPlatforms) = preSolution
		Debug|Any CPU = Debug|Any CPU
		Release|Any CPU = Release|Any CPU
	EndGlobalSection
	GlobalSection(ProjectConfigurationPlatforms) = postSolution
		{B45F7BFA-A4DE-4806-A3F6-BA1824E4D7C7}.Debug|Any CPU.ActiveCfg = Debug|Any CPU
		{B45F7BFA-A4DE-4806-A3F6-BA1824E4D7C7}.Debug|Any CPU.Build.0 = Debug|Any CPU
		{B45F7BFA-A4DE-4806-A3F6-BA1824E4D7C7}.Release|Any CPU.ActiveCfg = Release|Any CPU
		{B45F7BFA-A4DE-4806-A3F6-BA1824E4D7C7}.Release|Any CPU.Build.0 = Release|Any CPU
		{A63DAE4E-0689-4559-B4AA-5E1E09D6DE82}.Debug|Any CPU.ActiveCfg = Debug|Any CPU
		{A63DAE4E-0689-4559-B4AA-5E1E09D6DE82}.Debug|Any CPU.Build.0 = Debug|Any CPU
		{A63DAE4E-0689-4559-B4AA-5E1E09D6DE82}.Release|Any CPU.ActiveCfg = Release|Any CPU
		{A63DAE4E-0689-4559-B4AA-5E1E09D6DE82}.Release|Any CPU.Build.0 = Release|Any CPU
	EndGlobalSection
	GlobalSection(SolutionProperties) = preSolution
		HideSolutionNode = FALSE
	EndGlobalSection
	GlobalSection(ExtensibilityGlobals) = postSolution
		SolutionGuid = {58BD10D2-3BF6-4114-989E-960E3A82134D}
	EndGlobalSection
EndGlobal
